
Microsoft Visual Studio Solution File, Format Version 12.00
# Visual Studio Version 16
VisualStudioVersion = 16.0.29430.225
MinimumVisualStudioVersion = 10.0.40219.1
Project("{9A19103F-16F7-4668-BE54-9A1E7A4F7556}") = "Intelligences.ExanteHttpAPI", "src\Intelligences.ExanteHttpAPI\Intelligences.ExanteHttpAPI.csproj", "{2F9DBDF9-22B6-4BC0-9542-E83DA68C7C74}"
EndProject
Project("{2150E333-8FDC-42A3-9474-1A3956D46DE8}") = "Samples", "Samples", "{D790F21C-431C-4058-B049-361A8B9B9568}"
EndProject
Project("{FAE04EC0-301F-11D3-BF4B-00C04F79EFBC}") = "Intelligences.ExanteHttpAPI.Sample", "src\Samples\Intelligences.ExanteHttpAPI.Sample\Intelligences.ExanteHttpAPI.Sample.csproj", "{71DB9C22-4E13-4050-8A43-3482CBBD5068}"
EndProject
Global
	GlobalSection(SolutionConfigurationPlatforms) = preSolution
		Debug|Any CPU = Debug|Any CPU
		Debug|x64 = Debug|x64
		Release|Any CPU = Release|Any CPU
		Release|x64 = Release|x64
	EndGlobalSection
	GlobalSection(ProjectConfigurationPlatforms) = postSolution
		{2F9DBDF9-22B6-4BC0-9542-E83DA68C7C74}.Debug|Any CPU.ActiveCfg = Debug|Any CPU
		{2F9DBDF9-22B6-4BC0-9542-E83DA68C7C74}.Debug|Any CPU.Build.0 = Debug|Any CPU
		{2F9DBDF9-22B6-4BC0-9542-E83DA68C7C74}.Debug|x64.ActiveCfg = Debug|x64
		{2F9DBDF9-22B6-4BC0-9542-E83DA68C7C74}.Debug|x64.Build.0 = Debug|x64
		{2F9DBDF9-22B6-4BC0-9542-E83DA68C7C74}.Release|Any CPU.ActiveCfg = Release|Any CPU
		{2F9DBDF9-22B6-4BC0-9542-E83DA68C7C74}.Release|Any CPU.Build.0 = Release|Any CPU
		{2F9DBDF9-22B6-4BC0-9542-E83DA68C7C74}.Release|x64.ActiveCfg = Release|x64
		{2F9DBDF9-22B6-4BC0-9542-E83DA68C7C74}.Release|x64.Build.0 = Release|x64
		{71DB9C22-4E13-4050-8A43-3482CBBD5068}.Debug|Any CPU.ActiveCfg = Debug|Any CPU
		{71DB9C22-4E13-4050-8A43-3482CBBD5068}.Debug|Any CPU.Build.0 = Debug|Any CPU
		{71DB9C22-4E13-4050-8A43-3482CBBD5068}.Debug|x64.ActiveCfg = Debug|x64
		{71DB9C22-4E13-4050-8A43-3482CBBD5068}.Debug|x64.Build.0 = Debug|x64
		{71DB9C22-4E13-4050-8A43-3482CBBD5068}.Release|Any CPU.ActiveCfg = Release|Any CPU
		{71DB9C22-4E13-4050-8A43-3482CBBD5068}.Release|Any CPU.Build.0 = Release|Any CPU
		{71DB9C22-4E13-4050-8A43-3482CBBD5068}.Release|x64.ActiveCfg = Release|x64
		{71DB9C22-4E13-4050-8A43-3482CBBD5068}.Release|x64.Build.0 = Release|x64
	EndGlobalSection
	GlobalSection(SolutionProperties) = preSolution
		HideSolutionNode = FALSE
	EndGlobalSection
	GlobalSection(NestedProjects) = preSolution
		{71DB9C22-4E13-4050-8A43-3482CBBD5068} = {D790F21C-431C-4058-B049-361A8B9B9568}
	EndGlobalSection
	GlobalSection(ExtensibilityGlobals) = postSolution
		SolutionGuid = {BD88F28B-C893-4920-ACFA-89B0AA5E6F8F}
	EndGlobalSection
EndGlobal
